github.com/davecgh/go-spew v1.1.1 h1:vj9j/u1bqnvCEfJOwUhtlOARqs3+rkHYY13jYWTU97c=
github.com/davecgh/go-spew v1.1.1/go.mod h1:J7Y8YcW2NihsgmVo/mv3lAwl/skON4iLHjSsI+c5H38=
github.com/pmezard/go-difflib v1.0.0 h1:4DBwDE0NGyQoBHbLQYPwSUPoCMWR5BEzIk/f1lZbAQM=
github.com/pmezard/go-difflib v1.0.0/go.mod h1:iKH77koFhYxTK1pcRnkKkqfTogsbg7gZNVY4sRDYZ/4=
github.com/stretchr/testify v1.10.0 h1:Xv5erBjTwe/5IxqUQTdXv5kgmIvbHo3QQyRwhJsOfJA=
github.com/stretchr/testify v1.10.0/go.mod h1:r2ic/lqez/lEtzL7wO/rwa5dbSLXVDPFyf8C91i36aY=
github.com/taniabogatsch/duckdb-go-bindings v0.4.0 h1:vYJMemR6RtYIIjWc4lnWpjt0jHtk/FeBMkdwAAI4Z6o=
github.com/taniabogatsch/duckdb-go-bindings v0.4.0/go.mod h1:aoF4QwJi6/4Rs1tmB6Qr3dRFeH2bFOwuFp1GDQEZaEM=
github.com/taniabogatsch/duckdb-go-bindings/darwin-amd64 v0.4.0 h1:dIaIA6b1ejEnmvxZBHLlifa3EzO4pDz4xfAD09cFUX4=
github.com/taniabogatsch/duckdb-go-bindings/darwin-amd64 v0.4.0/go.mod h1:MB4dZYhfY1+3y9hn62bJJLRfvFbTr9qHXcf8CtRfmRc=
github.com/taniabogatsch/duckdb-go-bindings/darwin-arm64 v0.4.0 h1:u7OUhJ0BITPPFwbkB1gnc7Hqva3MAcV87O7hNjdS3B4=
github.com/taniabogatsch/duckdb-go-bindings/darwin-arm64 v0.4.0/go.mod h1:2acWPTjZwXMxgERTcAJLF8unnystANBNF30Nd0LAdEQ=
github.com/taniabogatsch/duckdb-go-bindings/linux-amd64 v0.4.0 h1:e6Wf6AEesc4JNndurP8lFHWkm398rSBDkeNfoyPnXSU=
github.com/taniabogatsch/duckdb-go-bindings/linux-amd64 v0.4.0/go.mod h1:HmuNAR0DYFahtqSpX1YyUBZfgMCn1B5YHtH/8c5+4uY=
github.com/taniabogatsch/duckdb-go-bindings/linux-arm64 v0.4.0 h1:1HphNXBjb8J9zh+6uOvAcEB7fg7wn9823sI8kMmAAq4=
github.com/taniabogatsch/duckdb-go-bindings/linux-arm64 v0.4.0/go.mod h1:lIX1zcIVDo/wQEuduca4RsbUVPbApXUuGjLrRen/6kA=
github.com/taniabogatsch/duckdb-go-bindings/windows-amd64 v0.4.0 h1:kzt/PfSGg8KYIlDlGjJWP9VgZy+XqSpS4XMQEESxc0Q=
github.com/taniabogatsch/duckdb-go-bindings/windows-amd64 v0.4.0/go.mod h1:eHwek1rPWZ0Ev2Bl6ixcEHInqcCrP5XSEvvvyAa3doA=
gopkg.in/yaml.v3 v3.0.1 h1:fxVm/GzAzEWqLHuvctI91KS9hhNmmWOoWu0XTYJS7CA=
gopkg.in/yaml.v3 v3.0.1/go.mod h1:K4uyk7z7BCEPqu6E+C64Yfv1cQ7kz7rIZviUmN+EgEM=
